
Microsoft Visual Studio Solution File, Format Version 12.00
# Visual Studio Version 17
VisualStudioVersion = 17.7.34031.279
MinimumVisualStudioVersion = 10.0.40219.1
Project("{FAE04EC0-301F-11D3-BF4B-00C04F79EFBC}") = "PracticeProblems", "PracticeProblems\PracticeProblems.csproj", "{119D8881-6C4F-49FE-AFE0-8D5B9ECED129}"
EndProject
Global
	GlobalSection(SolutionConfigurationPlatforms) = preSolution
		Debug|Any CPU = Debug|Any CPU
		Release|Any CPU = Release|Any CPU
	EndGlobalSection
	GlobalSection(ProjectConfigurationPlatforms) = postSolution
		{119D8881-6C4F-49FE-AFE0-8D5B9ECED129}.Debug|Any CPU.ActiveCfg = Debug|Any CPU
		{119D8881-6C4F-49FE-AFE0-8D5B9ECED129}.Debug|Any CPU.Build.0 = Debug|Any CPU
		{119D8881-6C4F-49FE-AFE0-8D5B9ECED129}.Release|Any CPU.ActiveCfg = Release|Any CPU
		{119D8881-6C4F-49FE-AFE0-8D5B9ECED129}.Release|Any CPU.Build.0 = Release|Any CPU
	EndGlobalSection
	GlobalSection(SolutionProperties) = preSolution
		HideSolutionNode = FALSE
	EndGlobalSection
	GlobalSection(ExtensibilityGlobals) = postSolution
		SolutionGuid = {7A3B2655-2BD5-4648-8E0E-2DD830BAAC5A}
	EndGlobalSection
EndGlobal
